
Microsoft Visual Studio Solution File, Format Version 12.00
# Visual Studio Version 17
VisualStudioVersion = 17.11.35327.3
MinimumVisualStudioVersion = 10.0.40219.1
Project("{9A19103F-16F7-4668-BE54-9A1E7A4F7556}") = "TaskManagement.Domain", "TaskManagement.Domain\TaskManagement.Domain.csproj", "{3360612C-C4F1-4A51-8F46-693B0CDFB29D}"
EndProject
Project("{9A19103F-16F7-4668-BE54-9A1E7A4F7556}") = "TaskManagement.Application", "TaskManagement.Application\TaskManagement.Application.csproj", "{9E1D3BEC-6F9B-4338-BCF1-FDB9F46E08F3}"
EndProject
Project("{9A19103F-16F7-4668-BE54-9A1E7A4F7556}") = "TaskManagement.Persistence", "TaskManagement.Persistence\TaskManagement.Persistence.csproj", "{0EFE066B-BAC6-4769-83F4-449520FD9DA7}"
EndProject
Project("{9A19103F-16F7-4668-BE54-9A1E7A4F7556}") = "TaskManagement.Infrastructure", "TaskManagement.Infrastructure\TaskManagement.Infrastructure.csproj", "{4853C4A8-F7EB-4599-A83F-427418596CE2}"
EndProject
Project("{FAE04EC0-301F-11D3-BF4B-00C04F79EFBC}") = "TaskManagement.API", "TaskManagement.API\TaskManagement.API.csproj", "{F67F9561-0364-4C42-B7D3-02DAF87CE9D1}"
EndProject
Global
	GlobalSection(SolutionConfigurationPlatforms) = preSolution
		Debug|Any CPU = Debug|Any CPU
		Release|Any CPU = Release|Any CPU
	EndGlobalSection
	GlobalSection(ProjectConfigurationPlatforms) = postSolution
		{3360612C-C4F1-4A51-8F46-693B0CDFB29D}.Debug|Any CPU.ActiveCfg = Debug|Any CPU
		{3360612C-C4F1-4A51-8F46-693B0CDFB29D}.Debug|Any CPU.Build.0 = Debug|Any CPU
		{3360612C-C4F1-4A51-8F46-693B0CDFB29D}.Release|Any CPU.ActiveCfg = Release|Any CPU
		{3360612C-C4F1-4A51-8F46-693B0CDFB29D}.Release|Any CPU.Build.0 = Release|Any CPU
		{9E1D3BEC-6F9B-4338-BCF1-FDB9F46E08F3}.Debug|Any CPU.ActiveCfg = Debug|Any CPU
		{9E1D3BEC-6F9B-4338-BCF1-FDB9F46E08F3}.Debug|Any CPU.Build.0 = Debug|Any CPU
		{9E1D3BEC-6F9B-4338-BCF1-FDB9F46E08F3}.Release|Any CPU.ActiveCfg = Release|Any CPU
		{9E1D3BEC-6F9B-4338-BCF1-FDB9F46E08F3}.Release|Any CPU.Build.0 = Release|Any CPU
		{0EFE066B-BAC6-4769-83F4-449520FD9DA7}.Debug|Any CPU.ActiveCfg = Debug|Any CPU
		{0EFE066B-BAC6-4769-83F4-449520FD9DA7}.Debug|Any CPU.Build.0 = Debug|Any CPU
		{0EFE066B-BAC6-4769-83F4-449520FD9DA7}.Release|Any CPU.ActiveCfg = Release|Any CPU
		{0EFE066B-BAC6-4769-83F4-449520FD9DA7}.Release|Any CPU.Build.0 = Release|Any CPU
		{4853C4A8-F7EB-4599-A83F-427418596CE2}.Debug|Any CPU.ActiveCfg = Debug|Any CPU
		{4853C4A8-F7EB-4599-A83F-427418596CE2}.Debug|Any CPU.Build.0 = Debug|Any CPU
		{4853C4A8-F7EB-4599-A83F-427418596CE2}.Release|Any CPU.ActiveCfg = Release|Any CPU
		{4853C4A8-F7EB-4599-A83F-427418596CE2}.Release|Any CPU.Build.0 = Release|Any CPU
		{F67F9561-0364-4C42-B7D3-02DAF87CE9D1}.Debug|Any CPU.ActiveCfg = Debug|Any CPU
		{F67F9561-0364-4C42-B7D3-02DAF87CE9D1}.Debug|Any CPU.Build.0 = Debug|Any CPU
		{F67F9561-0364-4C42-B7D3-02DAF87CE9D1}.Release|Any CPU.ActiveCfg = Release|Any CPU
		{F67F9561-0364-4C42-B7D3-02DAF87CE9D1}.Release|Any CPU.Build.0 = Release|Any CPU
	EndGlobalSection
	GlobalSection(SolutionProperties) = preSolution
		HideSolutionNode = FALSE
	EndGlobalSection
	GlobalSection(ExtensibilityGlobals) = postSolution
		SolutionGuid = {F0686A3A-C8FA-43A7-BB75-BD97A3A480C5}
	EndGlobalSection
EndGlobal
